// !$*UTF8*$!
{
	archiveVersion = 1;
	classes = {
	};
	objectVersion = 56;
	objects = {

/* Begin PBXBuildFile section */
		40343AB12B7E26A900C90C1C /* NetworkingAppApp.swift in Sources */ = {isa = PBXBuildFile; fileRef = 40343AB02B7E26A900C90C1C /* NetworkingAppApp.swift */; };
		40343AB32B7E26A900C90C1C /* ContentView.swift in Sources */ = {isa = PBXBuildFile; fileRef = 40343AB22B7E26A900C90C1C /* ContentView.swift */; };
		40343AB52B7E26AB00C90C1C /* Assets.xcassets in Resources */ = {isa = PBXBuildFile; fileRef = 40343AB42B7E26AB00C90C1C /* Assets.xcassets */; };
		40343AB82B7E26AB00C90C1C /* Preview Assets.xcassets in Resources */ = {isa = PBXBuildFile; fileRef = 40343AB72B7E26AB00C90C1C /* Preview Assets.xcassets */; };
		40343AC22B7E26AB00C90C1C /* NetworkingAppTests.swift in Sources */ = {isa = PBXBuildFile; fileRef = 40343AC12B7E26AB00C90C1C /* NetworkingAppTests.swift */; };
		40343ACC2B7E26AB00C90C1C /* NetworkingAppUITests.swift in Sources */ = {isa = PBXBuildFile; fileRef = 40343ACB2B7E26AB00C90C1C /* NetworkingAppUITests.swift */; };
		40343ACE2B7E26AB00C90C1C /* NetworkingAppUITestsLaunchTests.swift in Sources */ = {isa = PBXBuildFile; fileRef = 40343ACD2B7E26AB00C90C1C /* NetworkingAppUITestsLaunchTests.swift */; };
/* End PBXBuildFile section */

/* Begin PBXContainerItemProxy section */
		40343ABE2B7E26AB00C90C1C /* PBXContainerItemProxy */ = {
			isa = PBXContainerItemProxy;
			containerPortal = 40343AA52B7E26A900C90C1C /* Project object */;
			proxyType = 1;
			remoteGlobalIDString = 40343AAC2B7E26A900C90C1C;
			remoteInfo = NetworkingApp;
		};
		40343AC82B7E26AB00C90C1C /* PBXContainerItemProxy */ = {
			isa = PBXContainerItemProxy;
			containerPortal = 40343AA52B7E26A900C90C1C /* Project object */;
			proxyType = 1;
			remoteGlobalIDString = 40343AAC2B7E26A900C90C1C;
			remoteInfo = NetworkingApp;
		};
/* End PBXContainerItemProxy section */

/* Begin PBXFileReference section */
		40343AAD2B7E26A900C90C1C /* NetworkingApp.app */ = {isa = PBXFileReference; explicitFileType = wrapper.application; includeInIndex = 0; path = NetworkingApp.app; sourceTree = BUILT_PRODUCTS_DIR; };
		40343AB02B7E26A900C90C1C /* NetworkingAppApp.swift */ = {isa = PBXFileReference; lastKnownFileType = sourcecode.swift; path = NetworkingAppApp.swift; sourceTree = "<group>"; };
		40343AB22B7E26A900C90C1C /* ContentView.swift */ = {isa = PBXFileReference; lastKnownFileType = sourcecode.swift; path = ContentView.swift; sourceTree = "<group>"; };
		40343AB42B7E26AB00C90C1C /* Assets.xcassets */ = {isa = PBXFileReference; lastKnownFileType = folder.assetcatalog; path = Assets.xcassets; sourceTree = "<group>"; };
		40343AB72B7E26AB00C90C1C /* Preview Assets.xcassets */ = {isa = PBXFileReference; lastKnownFileType = folder.assetcatalog; path = "Preview Assets.xcassets"; sourceTree = "<group>"; };
		40343ABD2B7E26AB00C90C1C /* NetworkingAppTests.xctest */ = {isa = PBXFileReference; explicitFileType = wrapper.cfbundle; includeInIndex = 0; path = NetworkingAppTests.xctest; sourceTree = BUILT_PRODUCTS_DIR; };
		40343AC12B7E26AB00C90C1C /* NetworkingAppTests.swift */ = {isa = PBXFileReference; lastKnownFileType = sourcecode.swift; path = NetworkingAppTests.swift; sourceTree = "<group>"; };
		40343AC72B7E26AB00C90C1C /* NetworkingAppUITests.xctest */ = {isa = PBXFileReference; explicitFileType = wrapper.cfbundle; includeInIndex = 0; path = NetworkingAppUITests.xctest; sourceTree = BUILT_PRODUCTS_DIR; };
		40343ACB2B7E26AB00C90C1C /* NetworkingAppUITests.swift */ = {isa = PBXFileReference; lastKnownFileType = sourcecode.swift; path = NetworkingAppUITests.swift; sourceTree = "<group>"; };
		40343ACD2B7E26AB00C90C1C /* NetworkingAppUITestsLaunchTests.swift */ = {isa = PBXFileReference; lastKnownFileType = sourcecode.swift; path = NetworkingAppUITestsLaunchTests.swift; sourceTree = "<group>"; };
/* End PBXFileReference section */

/* Begin PBXFrameworksBuildPhase section */
		40343AAA2B7E26A900C90C1C /* Frameworks */ = {
			isa = PBXFrameworksBuildPhase;
			buildActionMask = 2147483647;
			files = (
			);
			runOnlyForDeploymentPostprocessing = 0;
		};
		40343ABA2B7E26AB00C90C1C /* Frameworks */ = {
			isa = PBXFrameworksBuildPhase;
			buildActionMask = 2147483647;
			files = (
			);
			runOnlyForDeploymentPostprocessing = 0;
		};
		40343AC42B7E26AB00C90C1C /* Frameworks */ = {
			isa = PBXFrameworksBuildPhase;
			buildActionMask = 2147483647;
			files = (
			);
			runOnlyForDeploymentPostprocessing = 0;
		};
/* End PBXFrameworksBuildPhase section */

/* Begin PBXGroup section */
		40343AA42B7E26A900C90C1C = {
			isa = PBXGroup;
			children = (
				40343AAF2B7E26A900C90C1C /* NetworkingApp */,
				40343AC02B7E26AB00C90C1C /* NetworkingAppTests */,
				40343ACA2B7E26AB00C90C1C /* NetworkingAppUITests */,
				40343AAE2B7E26A900C90C1C /* Products */,
			);
			sourceTree = "<group>";
		};
		40343AAE2B7E26A900C90C1C /* Products */ = {
			isa = PBXGroup;
			children = (
				40343AAD2B7E26A900C90C1C /* NetworkingApp.app */,
				40343ABD2B7E26AB00C90C1C /* NetworkingAppTests.xctest */,
				40343AC72B7E26AB00C90C1C /* NetworkingAppUITests.xctest */,
			);
			name = Products;
			sourceTree = "<group>";
		};
		40343AAF2B7E26A900C90C1C /* NetworkingApp */ = {
			isa = PBXGroup;
			children = (
				40343AB02B7E26A900C90C1C /* NetworkingAppApp.swift */,
				40343AB22B7E26A900C90C1C /* ContentView.swift */,
				40343AB42B7E26AB00C90C1C /* Assets.xcassets */,
				40343AB62B7E26AB00C90C1C /* Preview Content */,
			);
			path = NetworkingApp;
			sourceTree = "<group>";
		};
		40343AB62B7E26AB00C90C1C /* Preview Content */ = {
			isa = PBXGroup;
			children = (
				40343AB72B7E26AB00C90C1C /* Preview Assets.xcassets */,
			);
			path = "Preview Content";
			sourceTree = "<group>";
		};
		40343AC02B7E26AB00C90C1C /* NetworkingAppTests */ = {
			isa = PBXGroup;
			children = (
				40343AC12B7E26AB00C90C1C /* NetworkingAppTests.swift */,
			);
			path = NetworkingAppTests;
			sourceTree = "<group>";
		};
		40343ACA2B7E26AB00C90C1C /* NetworkingAppUITests */ = {
			isa = PBXGroup;
			children = (
				40343ACB2B7E26AB00C90C1C /* NetworkingAppUITests.swift */,
				40343ACD2B7E26AB00C90C1C /* NetworkingAppUITestsLaunchTests.swift */,
			);
			path = NetworkingAppUITests;
			sourceTree = "<group>";
		};
/* End PBXGroup section */

/* Begin PBXNativeTarget section */
		40343AAC2B7E26A900C90C1C /* NetworkingApp */ = {
			isa = PBXNativeTarget;
			buildConfigurationList = 40343AD12B7E26AB00C90C1C /* Build configuration list for PBXNativeTarget "NetworkingApp" */;
			buildPhases = (
				40343AA92B7E26A900C90C1C /* Sources */,
				40343AAA2B7E26A900C90C1C /* Frameworks */,
				40343AAB2B7E26A900C90C1C /* Resources */,
			);
			buildRules = (
			);
			dependencies = (
			);
			name = NetworkingApp;
			productName = NetworkingApp;
			productReference = 40343AAD2B7E26A900C90C1C /* NetworkingApp.app */;
			productType = "com.apple.product-type.application";
		};
		40343ABC2B7E26AB00C90C1C /* NetworkingAppTests */ = {
			isa = PBXNativeTarget;
			buildConfigurationList = 40343AD42B7E26AB00C90C1C /* Build configuration list for PBXNativeTarget "NetworkingAppTests" */;
			buildPhases = (
				40343AB92B7E26AB00C90C1C /* Sources */,
				40343ABA2B7E26AB00C90C1C /* Frameworks */,
				40343ABB2B7E26AB00C90C1C /* Resources */,
			);
			buildRules = (
			);
			dependencies = (
				40343ABF2B7E26AB00C90C1C /* PBXTargetDependency */,
			);
			name = NetworkingAppTests;
			productName = NetworkingAppTests;
			productReference = 40343ABD2B7E26AB00C90C1C /* NetworkingAppTests.xctest */;
			productType = "com.apple.product-type.bundle.unit-test";
		};
		40343AC62B7E26AB00C90C1C /* NetworkingAppUITests */ = {
			isa = PBXNativeTarget;
			buildConfigurationList = 40343AD72B7E26AB00C90C1C /* Build configuration list for PBXNativeTarget "NetworkingAppUITests" */;
			buildPhases = (
				40343AC32B7E26AB00C90C1C /* Sources */,
				40343AC42B7E26AB00C90C1C /* Frameworks */,
				40343AC52B7E26AB00C90C1C /* Resources */,
			);
			buildRules = (
			);
			dependencies = (
				40343AC92B7E26AB00C90C1C /* PBXTargetDependency */,
			);
			name = NetworkingAppUITests;
			productName = NetworkingAppUITests;
			productReference = 40343AC72B7E26AB00C90C1C /* NetworkingAppUITests.xctest */;
			productType = "com.apple.product-type.bundle.ui-testing";
		};
/* End PBXNativeTarget section */

/* Begin PBXProject section */
		40343AA52B7E26A900C90C1C /* Project object */ = {
			isa = PBXProject;
			attributes = {
				BuildIndependentTargetsInParallel = 1;
				LastSwiftUpdateCheck = 1520;
				LastUpgradeCheck = 1520;
				TargetAttributes = {
					40343AAC2B7E26A900C90C1C = {
						CreatedOnToolsVersion = 15.2;
					};
					40343ABC2B7E26AB00C90C1C = {
						CreatedOnToolsVersion = 15.2;
						TestTargetID = 40343AAC2B7E26A900C90C1C;
					};
					40343AC62B7E26AB00C90C1C = {
						CreatedOnToolsVersion = 15.2;
						TestTargetID = 40343AAC2B7E26A900C90C1C;
					};
				};
			};
			buildConfigurationList = 40343AA82B7E26A900C90C1C /* Build configuration list for PBXProject "NetworkingApp" */;
			compatibilityVersion = "Xcode 14.0";
			developmentRegion = en;
			hasScannedForEncodings = 0;
			knownRegions = (
				en,
				Base,
			);
			mainGroup = 40343AA42B7E26A900C90C1C;
			productRefGroup = 40343AAE2B7E26A900C90C1C /* Products */;
			projectDirPath = "";
			projectRoot = "";
			targets = (
				40343AAC2B7E26A900C90C1C /* NetworkingApp */,
				40343ABC2B7E26AB00C90C1C /* NetworkingAppTests */,
				40343AC62B7E26AB00C90C1C /* NetworkingAppUITests */,
			);
		};
/* End PBXProject section */

/* Begin PBXResourcesBuildPhase section */
		40343AAB2B7E26A900C90C1C /* Resources */ = {
			isa = PBXResourcesBuildPhase;
			buildActionMask = 2147483647;
			files = (
				40343AB82B7E26AB00C90C1C /* Preview Assets.xcassets in Resources */,
				40343AB52B7E26AB00C90C1C /* Assets.xcassets in Resources */,
			);
			runOnlyForDeploymentPostprocessing = 0;
		};
		40343ABB2B7E26AB00C90C1C /* Resources */ = {
			isa = PBXResourcesBuildPhase;
			buildActionMask = 2147483647;
			files = (
			);
			runOnlyForDeploymentPostprocessing = 0;
		};
		40343AC52B7E26AB00C90C1C /* Resources */ = {
			isa = PBXResourcesBuildPhase;
			buildActionMask = 2147483647;
			files = (
			);
			runOnlyForDeploymentPostprocessing = 0;
		};
/* End PBXResourcesBuildPhase section */

/* Begin PBXSourcesBuildPhase section */
		40343AA92B7E26A900C90C1C /* Sources */ = {
			isa = PBXSourcesBuildPhase;
			buildActionMask = 2147483647;
			files = (
				40343AB32B7E26A900C90C1C /* ContentView.swift in Sources */,
				40343AB12B7E26A900C90C1C /* NetworkingAppApp.swift in Sources */,
			);
			runOnlyForDeploymentPostprocessing = 0;
		};
		40343AB92B7E26AB00C90C1C /* Sources */ = {
			isa = PBXSourcesBuildPhase;
			buildActionMask = 2147483647;
			files = (
				40343AC22B7E26AB00C90C1C /* NetworkingAppTests.swift in Sources */,
			);
			runOnlyForDeploymentPostprocessing = 0;
		};
		40343AC32B7E26AB00C90C1C /* Sources */ = {
			isa = PBXSourcesBuildPhase;
			buildActionMask = 2147483647;
			files = (
				40343ACE2B7E26AB00C90C1C /* NetworkingAppUITestsLaunchTests.swift in Sources */,
				40343ACC2B7E26AB00C90C1C /* NetworkingAppUITests.swift in Sources */,
			);
			runOnlyForDeploymentPostprocessing = 0;
		};
/* End PBXSourcesBuildPhase section */

/* Begin PBXTargetDependency section */
		40343ABF2B7E26AB00C90C1C /* PBXTargetDependency */ = {
			isa = PBXTargetDependency;
			target = 40343AAC2B7E26A900C90C1C /* NetworkingApp */;
			targetProxy = 40343ABE2B7E26AB00C90C1C /* PBXContainerItemProxy */;
		};
		40343AC92B7E26AB00C90C1C /* PBXTargetDependency */ = {
			isa = PBXTargetDependency;
			target = 40343AAC2B7E26A900C90C1C /* NetworkingApp */;
			targetProxy = 40343AC82B7E26AB00C90C1C /* PBXContainerItemProxy */;
		};
/* End PBXTargetDependency section */

/* Begin XCBuildConfiguration section */
		40343ACF2B7E26AB00C90C1C /* Debug */ = {
			isa = XCBuildConfiguration;
			buildSettings = {
				ALWAYS_SEARCH_USER_PATHS = NO;
				ASSETCATALOG_COMPILER_GENERATE_SWIFT_ASSET_SYMBOL_EXTENSIONS = YES;
				CLANG_ANALYZER_NONNULL = YES;
				CLANG_ANALYZER_NUMBER_OBJECT_CONVERSION = YES_AGGRESSIVE;
				CLANG_CXX_LANGUAGE_STANDARD = "gnu++20";
				CLANG_ENABLE_MODULES = YES;
				CLANG_ENABLE_OBJC_ARC = YES;
				CLANG_ENABLE_OBJC_WEAK = YES;
				CLANG_WARN_BLOCK_CAPTURE_AUTORELEASING = YES;
				CLANG_WARN_BOOL_CONVERSION = YES;
				CLANG_WARN_COMMA = YES;
				CLANG_WARN_CONSTANT_CONVERSION = YES;
				CLANG_WARN_DEPRECATED_OBJC_IMPLEMENTATIONS = YES;
				CLANG_WARN_DIRECT_OBJC_ISA_USAGE = YES_ERROR;
				CLANG_WARN_DOCUMENTATION_COMMENTS = YES;
				CLANG_WARN_EMPTY_BODY = YES;
				CLANG_WARN_ENUM_CONVERSION = YES;
				CLANG_WARN_INFINITE_RECURSION = YES;
				CLANG_WARN_INT_CONVERSION = YES;
				CLANG_WARN_NON_LITERAL_NULL_CONVERSION = YES;
				CLANG_WARN_OBJC_IMPLICIT_RETAIN_SELF = YES;
				CLANG_WARN_OBJC_LITERAL_CONVERSION = YES;
				CLANG_WARN_OBJC_ROOT_CLASS = YES_ERROR;
				CLANG_WARN_QUOTED_INCLUDE_IN_FRAMEWORK_HEADER = YES;
				CLANG_WARN_RANGE_LOOP_ANALYSIS = YES;
				CLANG_WARN_STRICT_PROTOTYPES = YES;
				CLANG_WARN_SUSPICIOUS_MOVE = YES;
				CLANG_WARN_UNGUARDED_AVAILABILITY = YES_AGGRESSIVE;
				CLANG_WARN_UNREACHABLE_CODE = YES;
				CLANG_WARN__DUPLICATE_METHOD_MATCH = YES;
				COPY_PHASE_STRIP = NO;
				DEBUG_INFORMATION_FORMAT = dwarf;
				ENABLE_STRICT_OBJC_MSGSEND = YES;
				ENABLE_TESTABILITY = YES;
				ENABLE_USER_SCRIPT_SANDBOXING = YES;
				GCC_C_LANGUAGE_STANDARD = gnu17;
				GCC_DYNAMIC_NO_PIC = NO;
				GCC_NO_COMMON_BLOCKS = YES;
				GCC_OPTIMIZATION_LEVEL = 0;
				GCC_PREPROCESSOR_DEFINITIONS = (
					"DEBUG=1",
					"$(inherited)",
				);
				GCC_WARN_64_TO_32_BIT_CONVERSION = YES;
				GCC_WARN_ABOUT_RETURN_TYPE = YES_ERROR;
				GCC_WARN_UNDECLARED_SELECTOR = YES;
				GCC_WARN_UNINITIALIZED_AUTOS = YES_AGGRESSIVE;
				GCC_WARN_UNUSED_FUNCTION = YES;
				GCC_WARN_UNUSED_VARIABLE = YES;
				IPHONEOS_DEPLOYMENT_TARGET = 17.2;
				LOCALIZATION_PREFERS_STRING_CATALOGS = YES;
				MTL_ENABLE_DEBUG_INFO = INCLUDE_SOURCE;
				MTL_FAST_MATH = YES;
				ONLY_ACTIVE_ARCH = YES;
				SDKROOT = iphoneos;
				SWIFT_ACTIVE_COMPILATION_CONDITIONS = "DEBUG $(inherited)";
				SWIFT_OPTIMIZATION_LEVEL = "-Onone";
			};
			name = Debug;
		};
		40343AD02B7E26AB00C90C1C /* Release */ = {
			isa = XCBuildConfiguration;
			buildSettings = {
				ALWAYS_SEARCH_USER_PATHS = NO;
				ASSETCATALOG_COMPILER_GENERATE_SWIFT_ASSET_SYMBOL_EXTENSIONS = YES;
				CLANG_ANALYZER_NONNULL = YES;
				CLANG_ANALYZER_NUMBER_OBJECT_CONVERSION = YES_AGGRESSIVE;
				CLANG_CXX_LANGUAGE_STANDARD = "gnu++20";
				CLANG_ENABLE_MODULES = YES;
				CLANG_ENABLE_OBJC_ARC = YES;
				CLANG_ENABLE_OBJC_WEAK = YES;
				CLANG_WARN_BLOCK_CAPTURE_AUTORELEASING = YES;
				CLANG_WARN_BOOL_CONVERSION = YES;
				CLANG_WARN_COMMA = YES;
				CLANG_WARN_CONSTANT_CONVERSION = YES;
				CLANG_WARN_DEPRECATED_OBJC_IMPLEMENTATIONS = YES;
				CLANG_WARN_DIRECT_OBJC_ISA_USAGE = YES_ERROR;
				CLANG_WARN_DOCUMENTATION_COMMENTS = YES;
				CLANG_WARN_EMPTY_BODY = YES;
				CLANG_WARN_ENUM_CONVERSION = YES;
				CLANG_WARN_INFINITE_RECURSION = YES;
				CLANG_WARN_INT_CONVERSION = YES;
				CLANG_WARN_NON_LITERAL_NULL_CONVERSION = YES;
				CLANG_WARN_OBJC_IMPLICIT_RETAIN_SELF = YES;
				CLANG_WARN_OBJC_LITERAL_CONVERSION = YES;
				CLANG_WARN_OBJC_ROOT_CLASS = YES_ERROR;
				CLANG_WARN_QUOTED_INCLUDE_IN_FRAMEWORK_HEADER = YES;
				CLANG_WARN_RANGE_LOOP_ANALYSIS = YES;
				CLANG_WARN_STRICT_PROTOTYPES = YES;
				CLANG_WARN_SUSPICIOUS_MOVE = YES;
				CLANG_WARN_UNGUARDED_AVAILABILITY = YES_AGGRESSIVE;
				CLANG_WARN_UNREACHABLE_CODE = YES;
				CLANG_WARN__DUPLICATE_METHOD_MATCH = YES;
				COPY_PHASE_STRIP = NO;
				DEBUG_INFORMATION_FORMAT = "dwarf-with-dsym";
				ENABLE_NS_ASSERTIONS = NO;
				ENABLE_STRICT_OBJC_MSGSEND = YES;
				ENABLE_USER_SCRIPT_SANDBOXING = YES;
				GCC_C_LANGUAGE_STANDARD = gnu17;
				GCC_NO_COMMON_BLOCKS = YES;
				GCC_WARN_64_TO_32_BIT_CONVERSION = YES;
				GCC_WARN_ABOUT_RETURN_TYPE = YES_ERROR;
				GCC_WARN_UNDECLARED_SELECTOR = YES;
				GCC_WARN_UNINITIALIZED_AUTOS = YES_AGGRESSIVE;
				GCC_WARN_UNUSED_FUNCTION = YES;
				GCC_WARN_UNUSED_VARIABLE = YES;
				IPHONEOS_DEPLOYMENT_TARGET = 17.2;
				LOCALIZATION_PREFERS_STRING_CATALOGS = YES;
				MTL_ENABLE_DEBUG_INFO = NO;
				MTL_FAST_MATH = YES;
				SDKROOT = iphoneos;
				SWIFT_COMPILATION_MODE = wholemodule;
				VALIDATE_PRODUCT = YES;
			};
			name = Release;
		};
		40343AD22B7E26AB00C90C1C /* Debug */ = {
			isa = XCBuildConfiguration;
			buildSettings = {
				ASSETCATALOG_COMPILER_APPICON_NAME = AppIcon;
				ASSETCATALOG_COMPILER_GLOBAL_ACCENT_COLOR_NAME = AccentColor;
				CODE_SIGN_STYLE = Automatic;
				CURRENT_PROJECT_VERSION = 1;
				DEVELOPMENT_ASSET_PATHS = "\"NetworkingApp/Preview Content\"";
				ENABLE_PREVIEWS = YES;
				GENERATE_INFOPLIST_FILE = YES;
				INFOPLIST_KEY_UIApplicationSceneManifest_Generation = YES;
				INFOPLIST_KEY_UIApplicationSupportsIndirectInputEvents = YES;
				INFOPLIST_KEY_UILaunchScreen_Generation = YES;
				INFOPLIST_KEY_UISupportedInterfaceOrientations_iPad = "UIInterfaceOrientationPortrait UIInterfaceOrientationPortraitUpsideDown UIInterfaceOrientationLandscapeLeft UIInterfaceOrientationLandscapeRight";
				INFOPLIST_KEY_UISupportedInterfaceOrientations_iPhone = "UIInterfaceOrientationPortrait UIInterfaceOrientationLandscapeLeft UIInterfaceOrientationLandscapeRight";
				LD_RUNPATH_SEARCH_PATHS = (
					"$(inherited)",
					"@executable_path/Frameworks",
				);
				MARKETING_VERSION = 1.0;
				PRODUCT_BUNDLE_IDENTIFIER = makers.NetworkingApp;
				PRODUCT_NAME = "$(TARGET_NAME)";
				SWIFT_EMIT_LOC_STRINGS = YES;
				SWIFT_VERSION = 5.0;
				TARGETED_DEVICE_FAMILY = "1,2";
			};
			name = Debug;
		};
		40343AD32B7E26AB00C90C1C /* Release */ = {
			isa = XCBuildConfiguration;
			buildSettings = {
				ASSETCATALOG_COMPILER_APPICON_NAME = AppIcon;
				ASSETCATALOG_COMPILER_GLOBAL_ACCENT_COLOR_NAME = AccentColor;
				CODE_SIGN_STYLE = Automatic;
				CURRENT_PROJECT_VERSION = 1;
				DEVELOPMENT_ASSET_PATHS = "\"NetworkingApp/Preview Content\"";
				ENABLE_PREVIEWS = YES;
				GENERATE_INFOPLIST_FILE = YES;
				INFOPLIST_KEY_UIApplicationSceneManifest_Generation = YES;
				INFOPLIST_KEY_UIApplicationSupportsIndirectInputEvents = YES;
				INFOPLIST_KEY_UILaunchScreen_Generation = YES;
				INFOPLIST_KEY_UISupportedInterfaceOrientations_iPad = "UIInterfaceOrientationPortrait UIInterfaceOrientationPortraitUpsideDown UIInterfaceOrientationLandscapeLeft UIInterfaceOrientationLandscapeRight";
				INFOPLIST_KEY_UISupportedInterfaceOrientations_iPhone = "UIInterfaceOrientationPortrait UIInterfaceOrientationLandscapeLeft UIInterfaceOrientationLandscapeRight";
				LD_RUNPATH_SEARCH_PATHS = (
					"$(inherited)",
					"@executable_path/Frameworks",
				);
				MARKETING_VERSION = 1.0;
				PRODUCT_BUNDLE_IDENTIFIER = makers.NetworkingApp;
				PRODUCT_NAME = "$(TARGET_NAME)";
				SWIFT_EMIT_LOC_STRINGS = YES;
				SWIFT_VERSION = 5.0;
				TARGETED_DEVICE_FAMILY = "1,2";
			};
			name = Release;
		};
		40343AD52B7E26AB00C90C1C /* Debug */ = {
			isa = XCBuildConfiguration;
			buildSettings = {
				ALWAYS_EMBED_SWIFT_STANDARD_LIBRARIES = YES;
				BUNDLE_LOADER = "$(TEST_HOST)";
				CODE_SIGN_STYLE = Automatic;
				CURRENT_PROJECT_VERSION = 1;
				GENERATE_INFOPLIST_FILE = YES;
				IPHONEOS_DEPLOYMENT_TARGET = 17.2;
				MARKETING_VERSION = 1.0;
				PRODUCT_BUNDLE_IDENTIFIER = makers.NetworkingAppTests;
				PRODUCT_NAME = "$(TARGET_NAME)";
				SWIFT_EMIT_LOC_STRINGS = NO;
				SWIFT_VERSION = 5.0;
				TARGETED_DEVICE_FAMILY = "1,2";
				TEST_HOST = "$(BUILT_PRODUCTS_DIR)/NetworkingApp.app/$(BUNDLE_EXECUTABLE_FOLDER_PATH)/NetworkingApp";
			};
			name = Debug;
		};
		40343AD62B7E26AB00C90C1C /* Release */ = {
			isa = XCBuildConfiguration;
			buildSettings = {
				ALWAYS_EMBED_SWIFT_STANDARD_LIBRARIES = YES;
				BUNDLE_LOADER = "$(TEST_HOST)";
				CODE_SIGN_STYLE = Automatic;
				CURRENT_PROJECT_VERSION = 1;
				GENERATE_INFOPLIST_FILE = YES;
				IPHONEOS_DEPLOYMENT_TARGET = 17.2;
				MARKETING_VERSION = 1.0;
				PRODUCT_BUNDLE_IDENTIFIER = makers.NetworkingAppTests;
				PRODUCT_NAME = "$(TARGET_NAME)";
				SWIFT_EMIT_LOC_STRINGS = NO;
				SWIFT_VERSION = 5.0;
				TARGETED_DEVICE_FAMILY = "1,2";
				TEST_HOST = "$(BUILT_PRODUCTS_DIR)/NetworkingApp.app/$(BUNDLE_EXECUTABLE_FOLDER_PATH)/NetworkingApp";
			};
			name = Release;
		};
		40343AD82B7E26AB00C90C1C /* Debug */ = {
			isa = XCBuildConfiguration;
			buildSettings = {
				ALWAYS_EMBED_SWIFT_STANDARD_LIBRARIES = YES;
				CODE_SIGN_STYLE = Automatic;
				CURRENT_PROJECT_VERSION = 1;
				GENERATE_INFOPLIST_FILE = YES;
				MARKETING_VERSION = 1.0;
				PRODUCT_BUNDLE_IDENTIFIER = makers.NetworkingAppUITests;
				PRODUCT_NAME = "$(TARGET_NAME)";
				SWIFT_EMIT_LOC_STRINGS = NO;
				SWIFT_VERSION = 5.0;
				TARGETED_DEVICE_FAMILY = "1,2";
				TEST_TARGET_NAME = NetworkingApp;
			};
			name = Debug;
		};
		40343AD92B7E26AB00C90C1C /* Release */ = {
			isa = XCBuildConfiguration;
			buildSettings = {
				ALWAYS_EMBED_SWIFT_STANDARD_LIBRARIES = YES;
				CODE_SIGN_STYLE = Automatic;
				CURRENT_PROJECT_VERSION = 1;
				GENERATE_INFOPLIST_FILE = YES;
				MARKETING_VERSION = 1.0;
				PRODUCT_BUNDLE_IDENTIFIER = makers.NetworkingAppUITests;
				PRODUCT_NAME = "$(TARGET_NAME)";
				SWIFT_EMIT_LOC_STRINGS = NO;
				SWIFT_VERSION = 5.0;
				TARGETED_DEVICE_FAMILY = "1,2";
				TEST_TARGET_NAME = NetworkingApp;
			};
			name = Release;
		};
/* End XCBuildConfiguration section */

/* Begin XCConfigurationList section */
		40343AA82B7E26A900C90C1C /* Build configuration list for PBXProject "NetworkingApp" */ = {
			isa = XCConfigurationList;
			buildConfigurations = (
				40343ACF2B7E26AB00C90C1C /* Debug */,
				40343AD02B7E26AB00C90C1C /* Release */,
			);
			defaultConfigurationIsVisible = 0;
			defaultConfigurationName = Release;
		};
		40343AD12B7E26AB00C90C1C /* Build configuration list for PBXNativeTarget "NetworkingApp" */ = {
			isa = XCConfigurationList;
			buildConfigurations = (
				40343AD22B7E26AB00C90C1C /* Debug */,
				40343AD32B7E26AB00C90C1C /* Release */,
			);
			defaultConfigurationIsVisible = 0;
			defaultConfigurationName = Release;
		};
		40343AD42B7E26AB00C90C1C /* Build configuration list for PBXNativeTarget "NetworkingAppTests" */ = {
			isa = XCConfigurationList;
			buildConfigurations = (
				40343AD52B7E26AB00C90C1C /* Debug */,
				40343AD62B7E26AB00C90C1C /* Release */,
			);
			defaultConfigurationIsVisible = 0;
			defaultConfigurationName = Release;
		};
		40343AD72B7E26AB00C90C1C /* Build configuration list for PBXNativeTarget "NetworkingAppUITests" */ = {
			isa = XCConfigurationList;
			buildConfigurations = (
				40343AD82B7E26AB00C90C1C /* Debug */,
				40343AD92B7E26AB00C90C1C /* Release */,
			);
			defaultConfigurationIsVisible = 0;
			defaultConfigurationName = Release;
		};
/* End XCConfigurationList section */
	};
	rootObject = 40343AA52B7E26A900C90C1C /* Project object */;
}
